
Microsoft Visual Studio Solution File, Format Version 12.00
# Visual Studio Version 16
VisualStudioVersion = 16.0.30204.135
MinimumVisualStudioVersion = 10.0.40219.1
Project("{FAE04EC0-301F-11D3-BF4B-00C04F79EFBC}") = "TP1_Module7.UWP", "TP1_Module7.UWP\TP1_Module7.UWP.csproj", "{E1BA88B0-C691-4B2A-A55A-64EA37494FAF}"
EndProject
Project("{FAE04EC0-301F-11D3-BF4B-00C04F79EFBC}") = "TP1_Module7.Android", "TP1_Module7.Android\TP1_Module7.Android.csproj", "{219D045A-06E6-4D34-9E64-DC75831332D0}"
EndProject
Project("{FAE04EC0-301F-11D3-BF4B-00C04F79EFBC}") = "TP1_Module7.iOS", "TP1_Module7.iOS\TP1_Module7.iOS.csproj", "{5591398D-2EE7-4F0B-B89A-C2F8D43B07CA}"
EndProject
Project("{FAE04EC0-301F-11D3-BF4B-00C04F79EFBC}") = "TP1_Module7", "TP1_Module7\TP1_Module7.csproj", "{85C6496B-8780-444C-80CC-FDDDA858D163}"
EndProject
Global
	GlobalSection(SolutionConfigurationPlatforms) = preSolution
		Debug|Any CPU = Debug|Any CPU
		Debug|ARM = Debug|ARM
		Debug|iPhone = Debug|iPhone
		Debug|iPhoneSimulator = Debug|iPhoneSimulator
		Debug|x64 = Debug|x64
		Debug|x86 = Debug|x86
		Release|Any CPU = Release|Any CPU
		Release|ARM = Release|ARM
		Release|iPhone = Release|iPhone
		Release|iPhoneSimulator = Release|iPhoneSimulator
		Release|x64 = Release|x64
		Release|x86 = Release|x86
	EndGlobalSection
	GlobalSection(ProjectConfigurationPlatforms) = postSolution
		{E1BA88B0-C691-4B2A-A55A-64EA37494FAF}.Debug|Any CPU.ActiveCfg = Debug|x86
		{E1BA88B0-C691-4B2A-A55A-64EA37494FAF}.Debug|Any CPU.Build.0 = Debug|x86
		{E1BA88B0-C691-4B2A-A55A-64EA37494FAF}.Debug|Any CPU.Deploy.0 = Debug|x86
		{E1BA88B0-C691-4B2A-A55A-64EA37494FAF}.Debug|ARM.ActiveCfg = Debug|ARM
		{E1BA88B0-C691-4B2A-A55A-64EA37494FAF}.Debug|ARM.Build.0 = Debug|ARM
		{E1BA88B0-C691-4B2A-A55A-64EA37494FAF}.Debug|ARM.Deploy.0 = Debug|ARM
		{E1BA88B0-C691-4B2A-A55A-64EA37494FAF}.Debug|iPhone.ActiveCfg = Debug|x86
		{E1BA88B0-C691-4B2A-A55A-64EA37494FAF}.Debug|iPhone.Build.0 = Debug|x86
		{E1BA88B0-C691-4B2A-A55A-64EA37494FAF}.Debug|iPhone.Deploy.0 = Debug|x86
		{E1BA88B0-C691-4B2A-A55A-64EA37494FAF}.Debug|iPhoneSimulator.ActiveCfg = Debug|x86
		{E1BA88B0-C691-4B2A-A55A-64EA37494FAF}.Debug|iPhoneSimulator.Build.0 = Debug|x86
		{E1BA88B0-C691-4B2A-A55A-64EA37494FAF}.Debug|iPhoneSimulator.Deploy.0 = Debug|x86
		{E1BA88B0-C691-4B2A-A55A-64EA37494FAF}.Debug|x64.ActiveCfg = Debug|x64
		{E1BA88B0-C691-4B2A-A55A-64EA37494FAF}.Debug|x64.Build.0 = Debug|x64
		{E1BA88B0-C691-4B2A-A55A-64EA37494FAF}.Debug|x64.Deploy.0 = Debug|x64
		{E1BA88B0-C691-4B2A-A55A-64EA37494FAF}.Debug|x86.ActiveCfg = Debug|x86
		{E1BA88B0-C691-4B2A-A55A-64EA37494FAF}.Debug|x86.Build.0 = Debug|x86
		{E1BA88B0-C691-4B2A-A55A-64EA37494FAF}.Debug|x86.Deploy.0 = Debug|x86
		{E1BA88B0-C691-4B2A-A55A-64EA37494FAF}.Release|Any CPU.ActiveCfg = Release|x86
		{E1BA88B0-C691-4B2A-A55A-64EA37494FAF}.Release|Any CPU.Build.0 = Release|x86
		{E1BA88B0-C691-4B2A-A55A-64EA37494FAF}.Release|Any CPU.Deploy.0 = Release|x86
		{E1BA88B0-C691-4B2A-A55A-64EA37494FAF}.Release|ARM.ActiveCfg = Release|ARM
		{E1BA88B0-C691-4B2A-A55A-64EA37494FAF}.Release|ARM.Build.0 = Release|ARM
		{E1BA88B0-C691-4B2A-A55A-64EA37494FAF}.Release|ARM.Deploy.0 = Release|ARM
		{E1BA88B0-C691-4B2A-A55A-64EA37494FAF}.Release|iPhone.ActiveCfg = Release|x86
		{E1BA88B0-C691-4B2A-A55A-64EA37494FAF}.Release|iPhone.Build.0 = Release|x86
		{E1BA88B0-C691-4B2A-A55A-64EA37494FAF}.Release|iPhone.Deploy.0 = Release|x86
		{E1BA88B0-C691-4B2A-A55A-64EA37494FAF}.Release|iPhoneSimulator.ActiveCfg = Release|x86
		{E1BA88B0-C691-4B2A-A55A-64EA37494FAF}.Release|iPhoneSimulator.Build.0 = Release|x86
		{E1BA88B0-C691-4B2A-A55A-64EA37494FAF}.Release|iPhoneSimulator.Deploy.0 = Release|x86
		{E1BA88B0-C691-4B2A-A55A-64EA37494FAF}.Release|x64.ActiveCfg = Release|x64
		{E1BA88B0-C691-4B2A-A55A-64EA37494FAF}.Release|x64.Build.0 = Release|x64
		{E1BA88B0-C691-4B2A-A55A-64EA37494FAF}.Release|x64.Deploy.0 = Release|x64
		{E1BA88B0-C691-4B2A-A55A-64EA37494FAF}.Release|x86.ActiveCfg = Release|x86
		{E1BA88B0-C691-4B2A-A55A-64EA37494FAF}.Release|x86.Build.0 = Release|x86
		{E1BA88B0-C691-4B2A-A55A-64EA37494FAF}.Release|x86.Deploy.0 = Release|x86
		{219D045A-06E6-4D34-9E64-DC75831332D0}.Debug|Any CPU.ActiveCfg = Debug|Any CPU
		{219D045A-06E6-4D34-9E64-DC75831332D0}.Debug|Any CPU.Build.0 = Debug|Any CPU
		{219D045A-06E6-4D34-9E64-DC75831332D0}.Debug|Any CPU.Deploy.0 = Debug|Any CPU
		{219D045A-06E6-4D34-9E64-DC75831332D0}.Debug|ARM.ActiveCfg = Debug|Any CPU
		{219D045A-06E6-4D34-9E64-DC75831332D0}.Debug|ARM.Build.0 = Debug|Any CPU
		{219D045A-06E6-4D34-9E64-DC75831332D0}.Debug|ARM.Deploy.0 = Debug|Any CPU
		{219D045A-06E6-4D34-9E64-DC75831332D0}.Debug|iPhone.ActiveCfg = Debug|Any CPU
		{219D045A-06E6-4D34-9E64-DC75831332D0}.Debug|iPhone.Build.0 = Debug|Any CPU
		{219D045A-06E6-4D34-9E64-DC75831332D0}.Debug|iPhone.Deploy.0 = Debug|Any CPU
		{219D045A-06E6-4D34-9E64-DC75831332D0}.Debug|iPhoneSimulator.ActiveCfg = Debug|Any CPU
		{219D045A-06E6-4D34-9E64-DC75831332D0}.Debug|iPhoneSimulator.Build.0 = Debug|Any CPU
		{219D045A-06E6-4D34-9E64-DC75831332D0}.Debug|iPhoneSimulator.Deploy.0 = Debug|Any CPU
		{219D045A-06E6-4D34-9E64-DC75831332D0}.Debug|x64.ActiveCfg = Debug|Any CPU
		{219D045A-06E6-4D34-9E64-DC75831332D0}.Debug|x64.Build.0 = Debug|Any CPU
		{219D045A-06E6-4D34-9E64-DC75831332D0}.Debug|x64.Deploy.0 = Debug|Any CPU
		{219D045A-06E6-4D34-9E64-DC75831332D0}.Debug|x86.ActiveCfg = Debug|Any CPU
		{219D045A-06E6-4D34-9E64-DC75831332D0}.Debug|x86.Build.0 = Debug|Any CPU
		{219D045A-06E6-4D34-9E64-DC75831332D0}.Debug|x86.Deploy.0 = Debug|Any CPU
		{219D045A-06E6-4D34-9E64-DC75831332D0}.Release|Any CPU.ActiveCfg = Release|Any CPU
		{219D045A-06E6-4D34-9E64-DC75831332D0}.Release|Any CPU.Build.0 = Release|Any CPU
		{219D045A-06E6-4D34-9E64-DC75831332D0}.Release|Any CPU.Deploy.0 = Release|Any CPU
		{219D045A-06E6-4D34-9E64-DC75831332D0}.Release|ARM.ActiveCfg = Release|Any CPU
		{219D045A-06E6-4D34-9E64-DC75831332D0}.Release|ARM.Build.0 = Release|Any CPU
		{219D045A-06E6-4D34-9E64-DC75831332D0}.Release|ARM.Deploy.0 = Release|Any CPU
		{219D045A-06E6-4D34-9E64-DC75831332D0}.Release|iPhone.ActiveCfg = Release|Any CPU
		{219D045A-06E6-4D34-9E64-DC75831332D0}.Release|iPhone.Build.0 = Release|Any CPU
		{219D045A-06E6-4D34-9E64-DC75831332D0}.Release|iPhone.Deploy.0 = Release|Any CPU
		{219D045A-06E6-4D34-9E64-DC75831332D0}.Release|iPhoneSimulator.ActiveCfg = Release|Any CPU
		{219D045A-06E6-4D34-9E64-DC75831332D0}.Release|iPhoneSimulator.Build.0 = Release|Any CPU
		{219D045A-06E6-4D34-9E64-DC75831332D0}.Release|iPhoneSimulator.Deploy.0 = Release|Any CPU
		{219D045A-06E6-4D34-9E64-DC75831332D0}.Release|x64.ActiveCfg = Release|Any CPU
		{219D045A-06E6-4D34-9E64-DC75831332D0}.Release|x64.Build.0 = Release|Any CPU
		{219D045A-06E6-4D34-9E64-DC75831332D0}.Release|x64.Deploy.0 = Release|Any CPU
		{219D045A-06E6-4D34-9E64-DC75831332D0}.Release|x86.ActiveCfg = Release|Any CPU
		{219D045A-06E6-4D34-9E64-DC75831332D0}.Release|x86.Build.0 = Release|Any CPU
		{219D045A-06E6-4D34-9E64-DC75831332D0}.Release|x86.Deploy.0 = Release|Any CPU
		{5591398D-2EE7-4F0B-B89A-C2F8D43B07CA}.Debug|Any CPU.ActiveCfg = Debug|iPhone
		{5591398D-2EE7-4F0B-B89A-C2F8D43B07CA}.Debug|Any CPU.Build.0 = Debug|iPhone
		{5591398D-2EE7-4F0B-B89A-C2F8D43B07CA}.Debug|Any CPU.Deploy.0 = Debug|iPhone
		{5591398D-2EE7-4F0B-B89A-C2F8D43B07CA}.Debug|ARM.ActiveCfg = Debug|iPhone
		{5591398D-2EE7-4F0B-B89A-C2F8D43B07CA}.Debug|ARM.Build.0 = Debug|iPhone
		{5591398D-2EE7-4F0B-B89A-C2F8D43B07CA}.Debug|ARM.Deploy.0 = Debug|iPhone
		{5591398D-2EE7-4F0B-B89A-C2F8D43B07CA}.Debug|iPhone.ActiveCfg = Debug|iPhone
		{5591398D-2EE7-4F0B-B89A-C2F8D43B07CA}.Debug|iPhone.Build.0 = Debug|iPhone
		{5591398D-2EE7-4F0B-B89A-C2F8D43B07CA}.Debug|iPhone.Deploy.0 = Debug|iPhone
		{5591398D-2EE7-4F0B-B89A-C2F8D43B07CA}.Debug|iPhoneSimulator.ActiveCfg = Debug|iPhoneSimulator
		{5591398D-2EE7-4F0B-B89A-C2F8D43B07CA}.Debug|iPhoneSimulator.Build.0 = Debug|iPhoneSimulator
		{5591398D-2EE7-4F0B-B89A-C2F8D43B07CA}.Debug|iPhoneSimulator.Deploy.0 = Debug|iPhoneSimulator
		{5591398D-2EE7-4F0B-B89A-C2F8D43B07CA}.Debug|x64.ActiveCfg = Debug|iPhone
		{5591398D-2EE7-4F0B-B89A-C2F8D43B07CA}.Debug|x64.Build.0 = Debug|iPhone
		{5591398D-2EE7-4F0B-B89A-C2F8D43B07CA}.Debug|x64.Deploy.0 = Debug|iPhone
		{5591398D-2EE7-4F0B-B89A-C2F8D43B07CA}.Debug|x86.ActiveCfg = Debug|iPhone
		{5591398D-2EE7-4F0B-B89A-C2F8D43B07CA}.Debug|x86.Build.0 = Debug|iPhone
		{5591398D-2EE7-4F0B-B89A-C2F8D43B07CA}.Debug|x86.Deploy.0 = Debug|iPhone
		{5591398D-2EE7-4F0B-B89A-C2F8D43B07CA}.Release|Any CPU.ActiveCfg = Release|iPhone
		{5591398D-2EE7-4F0B-B89A-C2F8D43B07CA}.Release|Any CPU.Build.0 = Release|iPhone
		{5591398D-2EE7-4F0B-B89A-C2F8D43B07CA}.Release|Any CPU.Deploy.0 = Release|iPhone
		{5591398D-2EE7-4F0B-B89A-C2F8D43B07CA}.Release|ARM.ActiveCfg = Release|iPhone
		{5591398D-2EE7-4F0B-B89A-C2F8D43B07CA}.Release|ARM.Build.0 = Release|iPhone
		{5591398D-2EE7-4F0B-B89A-C2F8D43B07CA}.Release|ARM.Deploy.0 = Release|iPhone
		{5591398D-2EE7-4F0B-B89A-C2F8D43B07CA}.Release|iPhone.ActiveCfg = Release|iPhone
		{5591398D-2EE7-4F0B-B89A-C2F8D43B07CA}.Release|iPhone.Build.0 = Release|iPhone
		{5591398D-2EE7-4F0B-B89A-C2F8D43B07CA}.Release|iPhone.Deploy.0 = Release|iPhone
		{5591398D-2EE7-4F0B-B89A-C2F8D43B07CA}.Release|iPhoneSimulator.ActiveCfg = Release|iPhoneSimulator
		{5591398D-2EE7-4F0B-B89A-C2F8D43B07CA}.Release|iPhoneSimulator.Build.0 = Release|iPhoneSimulator
		{5591398D-2EE7-4F0B-B89A-C2F8D43B07CA}.Release|iPhoneSimulator.Deploy.0 = Release|iPhoneSimulator
		{5591398D-2EE7-4F0B-B89A-C2F8D43B07CA}.Release|x64.ActiveCfg = Release|iPhone
		{5591398D-2EE7-4F0B-B89A-C2F8D43B07CA}.Release|x64.Build.0 = Release|iPhone
		{5591398D-2EE7-4F0B-B89A-C2F8D43B07CA}.Release|x64.Deploy.0 = Release|iPhone
		{5591398D-2EE7-4F0B-B89A-C2F8D43B07CA}.Release|x86.ActiveCfg = Release|iPhone
		{5591398D-2EE7-4F0B-B89A-C2F8D43B07CA}.Release|x86.Build.0 = Release|iPhone
		{5591398D-2EE7-4F0B-B89A-C2F8D43B07CA}.Release|x86.Deploy.0 = Release|iPhone
		{85C6496B-8780-444C-80CC-FDDDA858D163}.Debug|Any CPU.ActiveCfg = Debug|Any CPU
		{85C6496B-8780-444C-80CC-FDDDA858D163}.Debug|Any CPU.Build.0 = Debug|Any CPU
		{85C6496B-8780-444C-80CC-FDDDA858D163}.Debug|Any CPU.Deploy.0 = Debug|Any CPU
		{85C6496B-8780-444C-80CC-FDDDA858D163}.Debug|ARM.ActiveCfg = Debug|Any CPU
		{85C6496B-8780-444C-80CC-FDDDA858D163}.Debug|ARM.Build.0 = Debug|Any CPU
		{85C6496B-8780-444C-80CC-FDDDA858D163}.Debug|ARM.Deploy.0 = Debug|Any CPU
		{85C6496B-8780-444C-80CC-FDDDA858D163}.Debug|iPhone.ActiveCfg = Debug|Any CPU
		{85C6496B-8780-444C-80CC-FDDDA858D163}.Debug|iPhone.Build.0 = Debug|Any CPU
		{85C6496B-8780-444C-80CC-FDDDA858D163}.Debug|iPhone.Deploy.0 = Debug|Any CPU
		{85C6496B-8780-444C-80CC-FDDDA858D163}.Debug|iPhoneSimulator.ActiveCfg = Debug|Any CPU
		{85C6496B-8780-444C-80CC-FDDDA858D163}.Debug|iPhoneSimulator.Build.0 = Debug|Any CPU
		{85C6496B-8780-444C-80CC-FDDDA858D163}.Debug|iPhoneSimulator.Deploy.0 = Debug|Any CPU
		{85C6496B-8780-444C-80CC-FDDDA858D163}.Debug|x64.ActiveCfg = Debug|Any CPU
		{85C6496B-8780-444C-80CC-FDDDA858D163}.Debug|x64.Build.0 = Debug|Any CPU
		{85C6496B-8780-444C-80CC-FDDDA858D163}.Debug|x64.Deploy.0 = Debug|Any CPU
		{85C6496B-8780-444C-80CC-FDDDA858D163}.Debug|x86.ActiveCfg = Debug|Any CPU
		{85C6496B-8780-444C-80CC-FDDDA858D163}.Debug|x86.Build.0 = Debug|Any CPU
		{85C6496B-8780-444C-80CC-FDDDA858D163}.Debug|x86.Deploy.0 = Debug|Any CPU
		{85C6496B-8780-444C-80CC-FDDDA858D163}.Release|Any CPU.ActiveCfg = Release|Any CPU
		{85C6496B-8780-444C-80CC-FDDDA858D163}.Release|Any CPU.Build.0 = Release|Any CPU
		{85C6496B-8780-444C-80CC-FDDDA858D163}.Release|Any CPU.Deploy.0 = Release|Any CPU
		{85C6496B-8780-444C-80CC-FDDDA858D163}.Release|ARM.ActiveCfg = Release|Any CPU
		{85C6496B-8780-444C-80CC-FDDDA858D163}.Release|ARM.Build.0 = Release|Any CPU
		{85C6496B-8780-444C-80CC-FDDDA858D163}.Release|ARM.Deploy.0 = Release|Any CPU
		{85C6496B-8780-444C-80CC-FDDDA858D163}.Release|iPhone.ActiveCfg = Release|Any CPU
		{85C6496B-8780-444C-80CC-FDDDA858D163}.Release|iPhone.Build.0 = Release|Any CPU
		{85C6496B-8780-444C-80CC-FDDDA858D163}.Release|iPhone.Deploy.0 = Release|Any CPU
		{85C6496B-8780-444C-80CC-FDDDA858D163}.Release|iPhoneSimulator.ActiveCfg = Release|Any CPU
		{85C6496B-8780-444C-80CC-FDDDA858D163}.Release|iPhoneSimulator.Build.0 = Release|Any CPU
		{85C6496B-8780-444C-80CC-FDDDA858D163}.Release|iPhoneSimulator.Deploy.0 = Release|Any CPU
		{85C6496B-8780-444C-80CC-FDDDA858D163}.Release|x64.ActiveCfg = Release|Any CPU
		{85C6496B-8780-444C-80CC-FDDDA858D163}.Release|x64.Build.0 = Release|Any CPU
		{85C6496B-8780-444C-80CC-FDDDA858D163}.Release|x64.Deploy.0 = Release|Any CPU
		{85C6496B-8780-444C-80CC-FDDDA858D163}.Release|x86.ActiveCfg = Release|Any CPU
		{85C6496B-8780-444C-80CC-FDDDA858D163}.Release|x86.Build.0 = Release|Any CPU
		{85C6496B-8780-444C-80CC-FDDDA858D163}.Release|x86.Deploy.0 = Release|Any CPU
	EndGlobalSection
	GlobalSection(SolutionProperties) = preSolution
		HideSolutionNode = FALSE
	EndGlobalSection
	GlobalSection(ExtensibilityGlobals) = postSolution
		SolutionGuid = {5D16A450-3CC0-4678-A481-92FAB1753A4A}
	EndGlobalSection
EndGlobal
